// !$*UTF8*$!
{
	archiveVersion = 1;
	classes = {
	};
	objectVersion = 70;
	objects = {

/* Begin PBXBuildFile section */
		ED095CAB2C8765B800559F3A /* SwiftyJSON in Frameworks */ = {isa = PBXBuildFile; productRef = ED095CAA2C8765B800559F3A /* SwiftyJSON */; };
		ED1323C92DEC34C600671162 /* MCEmojiPicker in Frameworks */ = {isa = PBXBuildFile; productRef = ED1323C82DEC34C600671162 /* MCEmojiPicker */; };
		ED1410E92C7F29E300D152A6 /* CalendarView.swift in Sources */ = {isa = PBXBuildFile; fileRef = ED1410E82C7F29E300D152A6 /* CalendarView.swift */; };
		ED41F08E2C5BD15500954ACF /* Visual_Calendar_iOSApp.swift in Sources */ = {isa = PBXBuildFile; fileRef = ED41F08D2C5BD15500954ACF /* Visual_Calendar_iOSApp.swift */; };
		ED41F0902C5BD15500954ACF /* ContentView.swift in Sources */ = {isa = PBXBuildFile; fileRef = ED41F08F2C5BD15500954ACF /* ContentView.swift */; };
		ED41F0922C5BD15600954ACF /* Assets.xcassets in Resources */ = {isa = PBXBuildFile; fileRef = ED41F0912C5BD15600954ACF /* Assets.xcassets */; };
		ED41F0952C5BD15600954ACF /* Preview Assets.xcassets in Resources */ = {isa = PBXBuildFile; fileRef = ED41F0942C5BD15600954ACF /* Preview Assets.xcassets */; };
		ED4ABE462DE472DC0036B16F /* EditorSections.swift in Sources */ = {isa = PBXBuildFile; fileRef = ED4ABE452DE472DC0036B16F /* EditorSections.swift */; };
		ED4ABE482DE72E2D0036B16F /* BaseExtensions.swift in Sources */ = {isa = PBXBuildFile; fileRef = ED4ABE472DE72E2D0036B16F /* BaseExtensions.swift */; };
		ED567D702E2CC3C1005FA014 /* AsyncExecutor.swift in Sources */ = {isa = PBXBuildFile; fileRef = ED567D6F2E2CC3C1005FA014 /* AsyncExecutor.swift */; };
		ED567D722E2CC3E5005FA014 /* UtilsUI.swift in Sources */ = {isa = PBXBuildFile; fileRef = ED567D712E2CC3E5005FA014 /* UtilsUI.swift */; };
		ED6DB6E22D422D9F00F518A2 /* EventEditorView.swift in Sources */ = {isa = PBXBuildFile; fileRef = ED6DB6E12D422D9F00F518A2 /* EventEditorView.swift */; };
		ED7B0F0A2E2625C300042ED3 /* SignUpView.swift in Sources */ = {isa = PBXBuildFile; fileRef = ED7B0F082E2625C300042ED3 /* SignUpView.swift */; };
		ED7B0F0B2E2625C300042ED3 /* SelectRoleView.swift in Sources */ = {isa = PBXBuildFile; fileRef = ED7B0F072E2625C300042ED3 /* SelectRoleView.swift */; };
		ED7B0F0C2E2625C300042ED3 /* LoginView.swift in Sources */ = {isa = PBXBuildFile; fileRef = ED7B0F062E2625C300042ED3 /* LoginView.swift */; };
		ED7B0F152E2626A200042ED3 /* AuthService.swift in Sources */ = {isa = PBXBuildFile; fileRef = ED7B0F0E2E2626A200042ED3 /* AuthService.swift */; };
		ED7B0F162E2626A200042ED3 /* CodableStructures.swift in Sources */ = {isa = PBXBuildFile; fileRef = ED7B0F0F2E2626A200042ED3 /* CodableStructures.swift */; };
		ED7B0F172E2626A200042ED3 /* EventService.swift in Sources */ = {isa = PBXBuildFile; fileRef = ED7B0F102E2626A200042ED3 /* EventService.swift */; };
		ED7B0F182E2626A200042ED3 /* ImageService.swift in Sources */ = {isa = PBXBuildFile; fileRef = ED7B0F112E2626A200042ED3 /* ImageService.swift */; };
		ED7B0F192E2626A200042ED3 /* LibraryService.swift in Sources */ = {isa = PBXBuildFile; fileRef = ED7B0F122E2626A200042ED3 /* LibraryService.swift */; };
		ED7B0F1A2E2626A200042ED3 /* PresetService.swift in Sources */ = {isa = PBXBuildFile; fileRef = ED7B0F132E2626A200042ED3 /* PresetService.swift */; };
		ED7B0F1E2E2626F400042ED3 /* APIHandler.swift in Sources */ = {isa = PBXBuildFile; fileRef = ED7B0F1D2E2626F400042ED3 /* APIHandler.swift */; };
		ED7B0F222E2633D300042ED3 /* EventView.swift in Sources */ = {isa = PBXBuildFile; fileRef = ED7B0F212E2633D300042ED3 /* EventView.swift */; };
		ED7B0F252E273A0B00042ED3 /* APIConverters.swift in Sources */ = {isa = PBXBuildFile; fileRef = ED7B0F242E273A0B00042ED3 /* APIConverters.swift */; };
		ED83D7D42E793BB400F4E74B /* CalendarViewModel.swift in Sources */ = {isa = PBXBuildFile; fileRef = ED83D7D32E793BB400F4E74B /* CalendarViewModel.swift */; };
		ED97F3932DE2E1C6007D316B /* WeekdayHeader.swift in Sources */ = {isa = PBXBuildFile; fileRef = ED97F3922DE2E1C6007D316B /* WeekdayHeader.swift */; };
		ED97F3952DE2E22F007D316B /* CalendarConstants.swift in Sources */ = {isa = PBXBuildFile; fileRef = ED97F3942DE2E22F007D316B /* CalendarConstants.swift */; };
		ED97F3972DE2E968007D316B /* Buttons.swift in Sources */ = {isa = PBXBuildFile; fileRef = ED97F3962DE2E968007D316B /* Buttons.swift */; };
		ED97F3992DE2E990007D316B /* CalendarTable.swift in Sources */ = {isa = PBXBuildFile; fileRef = ED97F3982DE2E990007D316B /* CalendarTable.swift */; };
		ED97F39B2DE2EAE4007D316B /* LogicHelpers.swift in Sources */ = {isa = PBXBuildFile; fileRef = ED97F39A2DE2EAE4007D316B /* LogicHelpers.swift */; };
		ED97F39E2DE2F6C6007D316B /* Event.swift in Sources */ = {isa = PBXBuildFile; fileRef = ED97F39D2DE2F6C6007D316B /* Event.swift */; };
		ED9AAC9E2E28B30A00AAA8CE /* ErrorClassifier.swift in Sources */ = {isa = PBXBuildFile; fileRef = ED9AAC9D2E28B30A00AAA8CE /* ErrorClassifier.swift */; };
		ED9AACA02E28C82E00AAA8CE /* AppError.swift in Sources */ = {isa = PBXBuildFile; fileRef = ED9AAC9F2E28C82E00AAA8CE /* AppError.swift */; };
		ED9E8A822C5E765F0098D8FD /* Auth in Frameworks */ = {isa = PBXBuildFile; productRef = ED9E8A812C5E765F0098D8FD /* Auth */; };
		ED9E8A842C5E765F0098D8FD /* Functions in Frameworks */ = {isa = PBXBuildFile; productRef = ED9E8A832C5E765F0098D8FD /* Functions */; };
		ED9E8A862C5E765F0098D8FD /* PostgREST in Frameworks */ = {isa = PBXBuildFile; productRef = ED9E8A852C5E765F0098D8FD /* PostgREST */; };
		ED9E8A882C5E765F0098D8FD /* Realtime in Frameworks */ = {isa = PBXBuildFile; productRef = ED9E8A872C5E765F0098D8FD /* Realtime */; };
		ED9E8A8A2C5E765F0098D8FD /* Storage in Frameworks */ = {isa = PBXBuildFile; productRef = ED9E8A892C5E765F0098D8FD /* Storage */; };
		ED9E8A8C2C5E765F0098D8FD /* Supabase in Frameworks */ = {isa = PBXBuildFile; productRef = ED9E8A8B2C5E765F0098D8FD /* Supabase */; };
		EDD987D72C9D454C0063CF00 /* SymbolPicker in Frameworks */ = {isa = PBXBuildFile; productRef = EDD987D62C9D454C0063CF00 /* SymbolPicker */; };
/* End PBXBuildFile section */

/* Begin PBXFileReference section */
		ED1410E82C7F29E300D152A6 /* CalendarView.swift */ = {isa = PBXFileReference; lastKnownFileType = sourcecode.swift; path = CalendarView.swift; sourceTree = "<group>"; };
		ED3503502C9B3F8F002BE9D4 /* Visual Calendar iOS.entitlements */ = {isa = PBXFileReference; lastKnownFileType = text.plist.entitlements; path = "Visual Calendar iOS.entitlements"; sourceTree = "<group>"; };
		ED41F08A2C5BD15500954ACF /* Visual Calendar iOS.app */ = {isa = PBXFileReference; explicitFileType = wrapper.application; includeInIndex = 0; path = "Visual Calendar iOS.app"; sourceTree = BUILT_PRODUCTS_DIR; };
		ED41F08D2C5BD15500954ACF /* Visual_Calendar_iOSApp.swift */ = {isa = PBXFileReference; lastKnownFileType = sourcecode.swift; path = Visual_Calendar_iOSApp.swift; sourceTree = "<group>"; };
		ED41F08F2C5BD15500954ACF /* ContentView.swift */ = {isa = PBXFileReference; lastKnownFileType = sourcecode.swift; path = ContentView.swift; sourceTree = "<group>"; };
		ED41F0912C5BD15600954ACF /* Assets.xcassets */ = {isa = PBXFileReference; lastKnownFileType = folder.assetcatalog; path = Assets.xcassets; sourceTree = "<group>"; };
		ED41F0942C5BD15600954ACF /* Preview Assets.xcassets */ = {isa = PBXFileReference; lastKnownFileType = folder.assetcatalog; path = "Preview Assets.xcassets"; sourceTree = "<group>"; };
		ED4ABE452DE472DC0036B16F /* EditorSections.swift */ = {isa = PBXFileReference; lastKnownFileType = sourcecode.swift; path = EditorSections.swift; sourceTree = "<group>"; };
		ED4ABE472DE72E2D0036B16F /* BaseExtensions.swift */ = {isa = PBXFileReference; lastKnownFileType = sourcecode.swift; path = BaseExtensions.swift; sourceTree = "<group>"; };
		ED567D6F2E2CC3C1005FA014 /* AsyncExecutor.swift */ = {isa = PBXFileReference; lastKnownFileType = sourcecode.swift; path = AsyncExecutor.swift; sourceTree = "<group>"; };
		ED567D712E2CC3E5005FA014 /* UtilsUI.swift */ = {isa = PBXFileReference; lastKnownFileType = sourcecode.swift; path = UtilsUI.swift; sourceTree = "<group>"; };
		ED6DB6E12D422D9F00F518A2 /* EventEditorView.swift */ = {isa = PBXFileReference; lastKnownFileType = sourcecode.swift; path = EventEditorView.swift; sourceTree = "<group>"; };
		ED7B0F062E2625C300042ED3 /* LoginView.swift */ = {isa = PBXFileReference; lastKnownFileType = sourcecode.swift; path = LoginView.swift; sourceTree = "<group>"; };
		ED7B0F072E2625C300042ED3 /* SelectRoleView.swift */ = {isa = PBXFileReference; lastKnownFileType = sourcecode.swift; path = SelectRoleView.swift; sourceTree = "<group>"; };
		ED7B0F082E2625C300042ED3 /* SignUpView.swift */ = {isa = PBXFileReference; lastKnownFileType = sourcecode.swift; path = SignUpView.swift; sourceTree = "<group>"; };
		ED7B0F0E2E2626A200042ED3 /* AuthService.swift */ = {isa = PBXFileReference; lastKnownFileType = sourcecode.swift; path = AuthService.swift; sourceTree = "<group>"; };
		ED7B0F0F2E2626A200042ED3 /* CodableStructures.swift */ = {isa = PBXFileReference; lastKnownFileType = sourcecode.swift; path = CodableStructures.swift; sourceTree = "<group>"; };
		ED7B0F102E2626A200042ED3 /* EventService.swift */ = {isa = PBXFileReference; lastKnownFileType = sourcecode.swift; path = EventService.swift; sourceTree = "<group>"; };
		ED7B0F112E2626A200042ED3 /* ImageService.swift */ = {isa = PBXFileReference; lastKnownFileType = sourcecode.swift; path = ImageService.swift; sourceTree = "<group>"; };
		ED7B0F122E2626A200042ED3 /* LibraryService.swift */ = {isa = PBXFileReference; lastKnownFileType = sourcecode.swift; path = LibraryService.swift; sourceTree = "<group>"; };
		ED7B0F132E2626A200042ED3 /* PresetService.swift */ = {isa = PBXFileReference; lastKnownFileType = sourcecode.swift; path = PresetService.swift; sourceTree = "<group>"; };
		ED7B0F1D2E2626F400042ED3 /* APIHandler.swift */ = {isa = PBXFileReference; lastKnownFileType = sourcecode.swift; path = APIHandler.swift; sourceTree = "<group>"; };
		ED7B0F212E2633D300042ED3 /* EventView.swift */ = {isa = PBXFileReference; lastKnownFileType = sourcecode.swift; path = EventView.swift; sourceTree = "<group>"; };
		ED7B0F242E273A0B00042ED3 /* APIConverters.swift */ = {isa = PBXFileReference; lastKnownFileType = sourcecode.swift; path = APIConverters.swift; sourceTree = "<group>"; };
		ED83D7D32E793BB400F4E74B /* CalendarViewModel.swift */ = {isa = PBXFileReference; lastKnownFileType = sourcecode.swift; path = CalendarViewModel.swift; sourceTree = "<group>"; };
		ED97F3922DE2E1C6007D316B /* WeekdayHeader.swift */ = {isa = PBXFileReference; lastKnownFileType = sourcecode.swift; path = WeekdayHeader.swift; sourceTree = "<group>"; };
		ED97F3942DE2E22F007D316B /* CalendarConstants.swift */ = {isa = PBXFileReference; lastKnownFileType = sourcecode.swift; path = CalendarConstants.swift; sourceTree = "<group>"; };
		ED97F3962DE2E968007D316B /* Buttons.swift */ = {isa = PBXFileReference; lastKnownFileType = sourcecode.swift; path = Buttons.swift; sourceTree = "<group>"; };
		ED97F3982DE2E990007D316B /* CalendarTable.swift */ = {isa = PBXFileReference; lastKnownFileType = sourcecode.swift; path = CalendarTable.swift; sourceTree = "<group>"; };
		ED97F39A2DE2EAE4007D316B /* LogicHelpers.swift */ = {isa = PBXFileReference; lastKnownFileType = sourcecode.swift; path = LogicHelpers.swift; sourceTree = "<group>"; };
		ED97F39D2DE2F6C6007D316B /* Event.swift */ = {isa = PBXFileReference; lastKnownFileType = sourcecode.swift; path = Event.swift; sourceTree = "<group>"; };
		ED9AAC9D2E28B30A00AAA8CE /* ErrorClassifier.swift */ = {isa = PBXFileReference; lastKnownFileType = sourcecode.swift; path = ErrorClassifier.swift; sourceTree = "<group>"; };
		ED9AAC9F2E28C82E00AAA8CE /* AppError.swift */ = {isa = PBXFileReference; lastKnownFileType = sourcecode.swift; path = AppError.swift; sourceTree = "<group>"; };
		EDAAAE192C5FEBB300E45598 /* VisualCalendarIOS.entitlements */ = {isa = PBXFileReference; lastKnownFileType = text.plist.entitlements; path = VisualCalendarIOS.entitlements; sourceTree = "<group>"; };
/* End PBXFileReference section */

/* Begin PBXFileSystemSynchronizedRootGroup section */
		ED3503562C9B3FF2002BE9D4 /* Visual Calendar */ = {isa = PBXFileSystemSynchronizedRootGroup; explicitFileTypes = {}; explicitFolders = (); path = "Visual Calendar"; sourceTree = "<group>"; };
		ED3503672C9B3FF3002BE9D4 /* Visual CalendarTests */ = {isa = PBXFileSystemSynchronizedRootGroup; explicitFileTypes = {}; explicitFolders = (); path = "Visual CalendarTests"; sourceTree = "<group>"; };
		ED3503712C9B3FF3002BE9D4 /* Visual CalendarUITests */ = {isa = PBXFileSystemSynchronizedRootGroup; explicitFileTypes = {}; explicitFolders = (); path = "Visual CalendarUITests"; sourceTree = "<group>"; };
/* End PBXFileSystemSynchronizedRootGroup section */

/* Begin PBXFrameworksBuildPhase section */
		ED41F0872C5BD15500954ACF /* Frameworks */ = {
			isa = PBXFrameworksBuildPhase;
			buildActionMask = 2147483647;
			files = (
				EDD987D72C9D454C0063CF00 /* SymbolPicker in Frameworks */,
				ED9E8A862C5E765F0098D8FD /* PostgREST in Frameworks */,
				ED095CAB2C8765B800559F3A /* SwiftyJSON in Frameworks */,
				ED9E8A842C5E765F0098D8FD /* Functions in Frameworks */,
				ED9E8A8C2C5E765F0098D8FD /* Supabase in Frameworks */,
				ED9E8A822C5E765F0098D8FD /* Auth in Frameworks */,
				ED9E8A8A2C5E765F0098D8FD /* Storage in Frameworks */,
				ED9E8A882C5E765F0098D8FD /* Realtime in Frameworks */,
				ED1323C92DEC34C600671162 /* MCEmojiPicker in Frameworks */,
			);
			runOnlyForDeploymentPostprocessing = 0;
		};
/* End PBXFrameworksBuildPhase section */

/* Begin PBXGroup section */
		ED41F0812C5BD15500954ACF = {
			isa = PBXGroup;
			children = (
				ED41F08C2C5BD15500954ACF /* Visual Calendar iOS */,
				EDAAAE192C5FEBB300E45598 /* VisualCalendarIOS.entitlements */,
				ED3503562C9B3FF2002BE9D4 /* Visual Calendar */,
				ED3503672C9B3FF3002BE9D4 /* Visual CalendarTests */,
				ED3503712C9B3FF3002BE9D4 /* Visual CalendarUITests */,
				ED41F08B2C5BD15500954ACF /* Products */,
			);
			sourceTree = "<group>";
		};
		ED41F08B2C5BD15500954ACF /* Products */ = {
			isa = PBXGroup;
			children = (
				ED41F08A2C5BD15500954ACF /* Visual Calendar iOS.app */,
			);
			name = Products;
			sourceTree = "<group>";
		};
		ED41F08C2C5BD15500954ACF /* Visual Calendar iOS */ = {
			isa = PBXGroup;
			children = (
				ED7B0F202E26273E00042ED3 /* Utilities */,
				ED7B0F1F2E26271B00042ED3 /* Extensions */,
				ED7B0F1C2E2626C900042ED3 /* API */,
				EDD6573F2E2624DB00A977EC /* App */,
				EDD657402E2624FF00A977EC /* Views */,
				ED41F0912C5BD15600954ACF /* Assets.xcassets */,
				ED41F0932C5BD15600954ACF /* Preview Content */,
				ED83D7D62E793BD800F4E74B /* ViewModels */,
			);
			path = "Visual Calendar iOS";
			sourceTree = "<group>";
		};
		ED41F0932C5BD15600954ACF /* Preview Content */ = {
			isa = PBXGroup;
			children = (
				ED41F0942C5BD15600954ACF /* Preview Assets.xcassets */,
			);
			path = "Preview Content";
			sourceTree = "<group>";
		};
		ED7B0F092E2625C300042ED3 /* Auth */ = {
			isa = PBXGroup;
			children = (
				ED7B0F062E2625C300042ED3 /* LoginView.swift */,
				ED7B0F072E2625C300042ED3 /* SelectRoleView.swift */,
				ED7B0F082E2625C300042ED3 /* SignUpView.swift */,
			);
			path = Auth;
			sourceTree = "<group>";
		};
		ED7B0F0D2E2625E600042ED3 /* Shared */ = {
			isa = PBXGroup;
			children = (
				ED97F3962DE2E968007D316B /* Buttons.swift */,
			);
			path = Shared;
			sourceTree = "<group>";
		};
		ED7B0F1B2E2626AA00042ED3 /* Services */ = {
			isa = PBXGroup;
			children = (
				ED7B0F0E2E2626A200042ED3 /* AuthService.swift */,
				ED7B0F102E2626A200042ED3 /* EventService.swift */,
				ED7B0F112E2626A200042ED3 /* ImageService.swift */,
				ED7B0F122E2626A200042ED3 /* LibraryService.swift */,
				ED7B0F132E2626A200042ED3 /* PresetService.swift */,
			);
			path = Services;
			sourceTree = "<group>";
		};
		ED7B0F1C2E2626C900042ED3 /* API */ = {
			isa = PBXGroup;
			children = (
				ED7B0F232E2739E500042ED3 /* ObjectMappings */,
				ED7B0F1D2E2626F400042ED3 /* APIHandler.swift */,
				ED7B0F1B2E2626AA00042ED3 /* Services */,
			);
			path = API;
			sourceTree = "<group>";
		};
		ED7B0F1F2E26271B00042ED3 /* Extensions */ = {
			isa = PBXGroup;
			children = (
				ED4ABE472DE72E2D0036B16F /* BaseExtensions.swift */,
			);
			path = Extensions;
			sourceTree = "<group>";
		};
		ED7B0F202E26273E00042ED3 /* Utilities */ = {
			isa = PBXGroup;
			children = (
				ED567D712E2CC3E5005FA014 /* UtilsUI.swift */,
				ED9AAC9F2E28C82E00AAA8CE /* AppError.swift */,
				ED9AAC9D2E28B30A00AAA8CE /* ErrorClassifier.swift */,
				ED567D6F2E2CC3C1005FA014 /* AsyncExecutor.swift */,
				ED97F3942DE2E22F007D316B /* CalendarConstants.swift */,
				ED97F39A2DE2EAE4007D316B /* LogicHelpers.swift */,
				ED97F39D2DE2F6C6007D316B /* Event.swift */,
			);
			path = Utilities;
			sourceTree = "<group>";
		};
		ED7B0F232E2739E500042ED3 /* ObjectMappings */ = {
			isa = PBXGroup;
			children = (
				ED7B0F0F2E2626A200042ED3 /* CodableStructures.swift */,
				ED7B0F242E273A0B00042ED3 /* APIConverters.swift */,
			);
			path = ObjectMappings;
			sourceTree = "<group>";
		};
		ED83D7D62E793BD800F4E74B /* ViewModels */ = {
			isa = PBXGroup;
			children = (
				ED83D7D32E793BB400F4E74B /* CalendarViewModel.swift */,
			);
			path = ViewModels;
			sourceTree = "<group>";
		};
		ED97F3912DE2E16D007D316B /* Calendar */ = {
			isa = PBXGroup;
			children = (
				ED97F3922DE2E1C6007D316B /* WeekdayHeader.swift */,
				ED97F3982DE2E990007D316B /* CalendarTable.swift */,
				ED1410E82C7F29E300D152A6 /* CalendarView.swift */,
				ED7B0F212E2633D300042ED3 /* EventView.swift */,
			);
			path = Calendar;
			sourceTree = "<group>";
		};
		ED97F3A12DE4720F007D316B /* EventEditor */ = {
			isa = PBXGroup;
			children = (
				ED6DB6E12D422D9F00F518A2 /* EventEditorView.swift */,
				ED4ABE452DE472DC0036B16F /* EditorSections.swift */,
			);
			path = EventEditor;
			sourceTree = "<group>";
		};
		EDD6573F2E2624DB00A977EC /* App */ = {
			isa = PBXGroup;
			children = (
				ED41F08F2C5BD15500954ACF /* ContentView.swift */,
				ED3503502C9B3F8F002BE9D4 /* Visual Calendar iOS.entitlements */,
				ED41F08D2C5BD15500954ACF /* Visual_Calendar_iOSApp.swift */,
			);
			path = App;
			sourceTree = "<group>";
		};
		EDD657402E2624FF00A977EC /* Views */ = {
			isa = PBXGroup;
			children = (
				ED97F3A12DE4720F007D316B /* EventEditor */,
				ED97F3912DE2E16D007D316B /* Calendar */,
				ED7B0F0D2E2625E600042ED3 /* Shared */,
				ED7B0F092E2625C300042ED3 /* Auth */,
			);
			path = Views;
			sourceTree = "<group>";
		};
/* End PBXGroup section */

/* Begin PBXNativeTarget section */
		ED41F0892C5BD15500954ACF /* Visual Calendar iOS */ = {
			isa = PBXNativeTarget;
			buildConfigurationList = ED41F0982C5BD15600954ACF /* Build configuration list for PBXNativeTarget "Visual Calendar iOS" */;
			buildPhases = (
				ED41F0862C5BD15500954ACF /* Sources */,
				ED41F0872C5BD15500954ACF /* Frameworks */,
				ED41F0882C5BD15500954ACF /* Resources */,
			);
			buildRules = (
			);
			dependencies = (
			);
			name = "Visual Calendar iOS";
			packageProductDependencies = (
				ED9E8A812C5E765F0098D8FD /* Auth */,
				ED9E8A832C5E765F0098D8FD /* Functions */,
				ED9E8A852C5E765F0098D8FD /* PostgREST */,
				ED9E8A872C5E765F0098D8FD /* Realtime */,
				ED9E8A892C5E765F0098D8FD /* Storage */,
				ED9E8A8B2C5E765F0098D8FD /* Supabase */,
				ED095CAA2C8765B800559F3A /* SwiftyJSON */,
				EDD987D62C9D454C0063CF00 /* SymbolPicker */,
				ED1323C82DEC34C600671162 /* MCEmojiPicker */,
			);
			productName = "Visual Calendar iOS";
			productReference = ED41F08A2C5BD15500954ACF /* Visual Calendar iOS.app */;
			productType = "com.apple.product-type.application";
		};
/* End PBXNativeTarget section */

/* Begin PBXProject section */
		ED41F0822C5BD15500954ACF /* Project object */ = {
			isa = PBXProject;
			attributes = {
				BuildIndependentTargetsInParallel = 1;
				LastSwiftUpdateCheck = 1600;
				LastUpgradeCheck = 1630;
				TargetAttributes = {
					ED41F0892C5BD15500954ACF = {
						CreatedOnToolsVersion = 15.4;
					};
				};
			};
			buildConfigurationList = ED41F0852C5BD15500954ACF /* Build configuration list for PBXProject "Visual Calendar iOS" */;
			compatibilityVersion = "Xcode 14.0";
			developmentRegion = en;
			hasScannedForEncodings = 0;
			knownRegions = (
				en,
				Base,
			);
			mainGroup = ED41F0812C5BD15500954ACF;
			packageReferences = (
				ED9E8A802C5E765F0098D8FD /* XCRemoteSwiftPackageReference "supabase-swift" */,
				ED095CA92C8765B800559F3A /* XCRemoteSwiftPackageReference "SwiftyJSON" */,
				EDD987D52C9D454C0063CF00 /* XCRemoteSwiftPackageReference "SymbolPicker" */,
				ED1323C72DEC34C600671162 /* XCRemoteSwiftPackageReference "MCEmojiPicker" */,
			);
			productRefGroup = ED41F08B2C5BD15500954ACF /* Products */;
			projectDirPath = "";
			projectRoot = "";
			targets = (
				ED41F0892C5BD15500954ACF /* Visual Calendar iOS */,
			);
		};
/* End PBXProject section */

/* Begin PBXResourcesBuildPhase section */
		ED41F0882C5BD15500954ACF /* Resources */ = {
			isa = PBXResourcesBuildPhase;
			buildActionMask = 2147483647;
			files = (
				ED41F0952C5BD15600954ACF /* Preview Assets.xcassets in Resources */,
				ED41F0922C5BD15600954ACF /* Assets.xcassets in Resources */,
			);
			runOnlyForDeploymentPostprocessing = 0;
		};
/* End PBXResourcesBuildPhase section */

/* Begin PBXSourcesBuildPhase section */
		ED41F0862C5BD15500954ACF /* Sources */ = {
			isa = PBXSourcesBuildPhase;
			buildActionMask = 2147483647;
			files = (
				ED7B0F252E273A0B00042ED3 /* APIConverters.swift in Sources */,
				ED97F3952DE2E22F007D316B /* CalendarConstants.swift in Sources */,
				ED4ABE462DE472DC0036B16F /* EditorSections.swift in Sources */,
				ED1410E92C7F29E300D152A6 /* CalendarView.swift in Sources */,
				ED7B0F1E2E2626F400042ED3 /* APIHandler.swift in Sources */,
				ED9AAC9E2E28B30A00AAA8CE /* ErrorClassifier.swift in Sources */,
				ED97F3972DE2E968007D316B /* Buttons.swift in Sources */,
				ED567D702E2CC3C1005FA014 /* AsyncExecutor.swift in Sources */,
				ED97F39E2DE2F6C6007D316B /* Event.swift in Sources */,
				ED7B0F0A2E2625C300042ED3 /* SignUpView.swift in Sources */,
				ED7B0F152E2626A200042ED3 /* AuthService.swift in Sources */,
				ED7B0F162E2626A200042ED3 /* CodableStructures.swift in Sources */,
				ED7B0F172E2626A200042ED3 /* EventService.swift in Sources */,
				ED7B0F182E2626A200042ED3 /* ImageService.swift in Sources */,
				ED7B0F192E2626A200042ED3 /* LibraryService.swift in Sources */,
				ED7B0F1A2E2626A200042ED3 /* PresetService.swift in Sources */,
				ED7B0F0B2E2625C300042ED3 /* SelectRoleView.swift in Sources */,
				ED7B0F222E2633D300042ED3 /* EventView.swift in Sources */,
				ED7B0F0C2E2625C300042ED3 /* LoginView.swift in Sources */,
				ED567D722E2CC3E5005FA014 /* UtilsUI.swift in Sources */,
				ED41F0902C5BD15500954ACF /* ContentView.swift in Sources */,
				ED9AACA02E28C82E00AAA8CE /* AppError.swift in Sources */,
				ED4ABE482DE72E2D0036B16F /* BaseExtensions.swift in Sources */,
				ED6DB6E22D422D9F00F518A2 /* EventEditorView.swift in Sources */,
				ED97F39B2DE2EAE4007D316B /* LogicHelpers.swift in Sources */,
				ED97F3932DE2E1C6007D316B /* WeekdayHeader.swift in Sources */,
				ED97F3992DE2E990007D316B /* CalendarTable.swift in Sources */,
				ED83D7D42E793BB400F4E74B /* CalendarViewModel.swift in Sources */,
				ED41F08E2C5BD15500954ACF /* Visual_Calendar_iOSApp.swift in Sources */,
			);
			runOnlyForDeploymentPostprocessing = 0;
		};
/* End PBXSourcesBuildPhase section */

/* Begin XCBuildConfiguration section */
		ED41F0962C5BD15600954ACF /* Debug */ = {
			isa = XCBuildConfiguration;
			buildSettings = {
				ALWAYS_SEARCH_USER_PATHS = NO;
				ASSETCATALOG_COMPILER_GENERATE_SWIFT_ASSET_SYMBOL_EXTENSIONS = YES;
				CLANG_ANALYZER_NONNULL = YES;
				CLANG_ANALYZER_NUMBER_OBJECT_CONVERSION = YES_AGGRESSIVE;
				CLANG_CXX_LANGUAGE_STANDARD = "gnu++20";
				CLANG_ENABLE_MODULES = YES;
				CLANG_ENABLE_OBJC_ARC = YES;
				CLANG_ENABLE_OBJC_WEAK = YES;
				CLANG_WARN_BLOCK_CAPTURE_AUTORELEASING = YES;
				CLANG_WARN_BOOL_CONVERSION = YES;
				CLANG_WARN_COMMA = YES;
				CLANG_WARN_CONSTANT_CONVERSION = YES;
				CLANG_WARN_DEPRECATED_OBJC_IMPLEMENTATIONS = YES;
				CLANG_WARN_DIRECT_OBJC_ISA_USAGE = YES_ERROR;
				CLANG_WARN_DOCUMENTATION_COMMENTS = YES;
				CLANG_WARN_EMPTY_BODY = YES;
				CLANG_WARN_ENUM_CONVERSION = YES;
				CLANG_WARN_INFINITE_RECURSION = YES;
				CLANG_WARN_INT_CONVERSION = YES;
				CLANG_WARN_NON_LITERAL_NULL_CONVERSION = YES;
				CLANG_WARN_OBJC_IMPLICIT_RETAIN_SELF = YES;
				CLANG_WARN_OBJC_LITERAL_CONVERSION = YES;
				CLANG_WARN_OBJC_ROOT_CLASS = YES_ERROR;
				CLANG_WARN_QUOTED_INCLUDE_IN_FRAMEWORK_HEADER = YES;
				CLANG_WARN_RANGE_LOOP_ANALYSIS = YES;
				CLANG_WARN_STRICT_PROTOTYPES = YES;
				CLANG_WARN_SUSPICIOUS_MOVE = YES;
				CLANG_WARN_UNGUARDED_AVAILABILITY = YES_AGGRESSIVE;
				CLANG_WARN_UNREACHABLE_CODE = YES;
				CLANG_WARN__DUPLICATE_METHOD_MATCH = YES;
				"CODE_SIGN_ENTITLEMENTS[sdk=*]" = "/VisualCalendariOS/App/Visual Calendar iOS.entitlements";
				COPY_PHASE_STRIP = NO;
				DEBUG_INFORMATION_FORMAT = dwarf;
				DEVELOPMENT_TEAM = BAZD9675JV;
				ENABLE_STRICT_OBJC_MSGSEND = YES;
				ENABLE_TESTABILITY = YES;
				ENABLE_USER_SCRIPT_SANDBOXING = YES;
				GCC_C_LANGUAGE_STANDARD = gnu17;
				GCC_DYNAMIC_NO_PIC = NO;
				GCC_NO_COMMON_BLOCKS = YES;
				GCC_OPTIMIZATION_LEVEL = 0;
				GCC_PREPROCESSOR_DEFINITIONS = (
					"DEBUG=1",
					"$(inherited)",
				);
				GCC_WARN_64_TO_32_BIT_CONVERSION = YES;
				GCC_WARN_ABOUT_RETURN_TYPE = YES_ERROR;
				GCC_WARN_UNDECLARED_SELECTOR = YES;
				GCC_WARN_UNINITIALIZED_AUTOS = YES_AGGRESSIVE;
				GCC_WARN_UNUSED_FUNCTION = YES;
				GCC_WARN_UNUSED_VARIABLE = YES;
				IPHONEOS_DEPLOYMENT_TARGET = 17.5;
				LOCALIZATION_PREFERS_STRING_CATALOGS = YES;
				MTL_ENABLE_DEBUG_INFO = INCLUDE_SOURCE;
				MTL_FAST_MATH = YES;
				ONLY_ACTIVE_ARCH = YES;
				SDKROOT = iphoneos;
				SWIFT_ACTIVE_COMPILATION_CONDITIONS = "DEBUG $(inherited)";
				SWIFT_OPTIMIZATION_LEVEL = "-Onone";
			};
			name = Debug;
		};
		ED41F0972C5BD15600954ACF /* Release */ = {
			isa = XCBuildConfiguration;
			buildSettings = {
				ALWAYS_SEARCH_USER_PATHS = NO;
				ASSETCATALOG_COMPILER_GENERATE_SWIFT_ASSET_SYMBOL_EXTENSIONS = YES;
				CLANG_ANALYZER_NONNULL = YES;
				CLANG_ANALYZER_NUMBER_OBJECT_CONVERSION = YES_AGGRESSIVE;
				CLANG_CXX_LANGUAGE_STANDARD = "gnu++20";
				CLANG_ENABLE_MODULES = YES;
				CLANG_ENABLE_OBJC_ARC = YES;
				CLANG_ENABLE_OBJC_WEAK = YES;
				CLANG_WARN_BLOCK_CAPTURE_AUTORELEASING = YES;
				CLANG_WARN_BOOL_CONVERSION = YES;
				CLANG_WARN_COMMA = YES;
				CLANG_WARN_CONSTANT_CONVERSION = YES;
				CLANG_WARN_DEPRECATED_OBJC_IMPLEMENTATIONS = YES;
				CLANG_WARN_DIRECT_OBJC_ISA_USAGE = YES_ERROR;
				CLANG_WARN_DOCUMENTATION_COMMENTS = YES;
				CLANG_WARN_EMPTY_BODY = YES;
				CLANG_WARN_ENUM_CONVERSION = YES;
				CLANG_WARN_INFINITE_RECURSION = YES;
				CLANG_WARN_INT_CONVERSION = YES;
				CLANG_WARN_NON_LITERAL_NULL_CONVERSION = YES;
				CLANG_WARN_OBJC_IMPLICIT_RETAIN_SELF = YES;
				CLANG_WARN_OBJC_LITERAL_CONVERSION = YES;
				CLANG_WARN_OBJC_ROOT_CLASS = YES_ERROR;
				CLANG_WARN_QUOTED_INCLUDE_IN_FRAMEWORK_HEADER = YES;
				CLANG_WARN_RANGE_LOOP_ANALYSIS = YES;
				CLANG_WARN_STRICT_PROTOTYPES = YES;
				CLANG_WARN_SUSPICIOUS_MOVE = YES;
				CLANG_WARN_UNGUARDED_AVAILABILITY = YES_AGGRESSIVE;
				CLANG_WARN_UNREACHABLE_CODE = YES;
				CLANG_WARN__DUPLICATE_METHOD_MATCH = YES;
				COPY_PHASE_STRIP = NO;
				DEBUG_INFORMATION_FORMAT = "dwarf-with-dsym";
				DEVELOPMENT_TEAM = BAZD9675JV;
				ENABLE_NS_ASSERTIONS = NO;
				ENABLE_STRICT_OBJC_MSGSEND = YES;
				ENABLE_USER_SCRIPT_SANDBOXING = YES;
				GCC_C_LANGUAGE_STANDARD = gnu17;
				GCC_NO_COMMON_BLOCKS = YES;
				GCC_WARN_64_TO_32_BIT_CONVERSION = YES;
				GCC_WARN_ABOUT_RETURN_TYPE = YES_ERROR;
				GCC_WARN_UNDECLARED_SELECTOR = YES;
				GCC_WARN_UNINITIALIZED_AUTOS = YES_AGGRESSIVE;
				GCC_WARN_UNUSED_FUNCTION = YES;
				GCC_WARN_UNUSED_VARIABLE = YES;
				IPHONEOS_DEPLOYMENT_TARGET = 17.5;
				LOCALIZATION_PREFERS_STRING_CATALOGS = YES;
				MTL_ENABLE_DEBUG_INFO = NO;
				MTL_FAST_MATH = YES;
				SDKROOT = iphoneos;
				SWIFT_COMPILATION_MODE = wholemodule;
				VALIDATE_PRODUCT = YES;
			};
			name = Release;
		};
		ED41F0992C5BD15600954ACF /* Debug */ = {
			isa = XCBuildConfiguration;
			buildSettings = {
				ASSETCATALOG_COMPILER_APPICON_NAME = AppIcon;
				ASSETCATALOG_COMPILER_GLOBAL_ACCENT_COLOR_NAME = AccentColor;
				CODE_SIGN_ENTITLEMENTS = "Visual Calendar iOS/App/Visual Calendar iOS.entitlements";
				CODE_SIGN_IDENTITY = "Apple Development";
				CODE_SIGN_STYLE = Automatic;
				CURRENT_PROJECT_VERSION = 1;
				DEVELOPMENT_ASSET_PATHS = "\"Visual Calendar iOS/Preview Content\"";
				DEVELOPMENT_TEAM = YKCASK27M4;
				ENABLE_PREVIEWS = YES;
				GENERATE_INFOPLIST_FILE = YES;
				INFOPLIST_KEY_UIApplicationSceneManifest_Generation = YES;
				INFOPLIST_KEY_UIApplicationSupportsIndirectInputEvents = YES;
				INFOPLIST_KEY_UILaunchScreen_Generation = YES;
				INFOPLIST_KEY_UISupportedInterfaceOrientations_iPad = "UIInterfaceOrientationPortrait UIInterfaceOrientationPortraitUpsideDown UIInterfaceOrientationLandscapeLeft UIInterfaceOrientationLandscapeRight";
				INFOPLIST_KEY_UISupportedInterfaceOrientations_iPhone = "UIInterfaceOrientationPortrait UIInterfaceOrientationLandscapeLeft UIInterfaceOrientationLandscapeRight";
				IPHONEOS_DEPLOYMENT_TARGET = 16.6;
				LD_RUNPATH_SEARCH_PATHS = (
					"$(inherited)",
					"@executable_path/Frameworks",
				);
				MARKETING_VERSION = 1.0;
				PRODUCT_BUNDLE_IDENTIFIER = com.calmtable.app;
				PRODUCT_NAME = "$(TARGET_NAME)";
				PROVISIONING_PROFILE_SPECIFIER = "";
				SWIFT_EMIT_LOC_STRINGS = YES;
				SWIFT_VERSION = 5.0;
				TARGETED_DEVICE_FAMILY = "1,2";
			};
			name = Debug;
		};
		ED41F09A2C5BD15600954ACF /* Release */ = {
			isa = XCBuildConfiguration;
			buildSettings = {
				ASSETCATALOG_COMPILER_APPICON_NAME = AppIcon;
				ASSETCATALOG_COMPILER_GLOBAL_ACCENT_COLOR_NAME = AccentColor;
				CODE_SIGN_ENTITLEMENTS = "Visual Calendar iOS/App/Visual Calendar iOS.entitlements";
				CODE_SIGN_IDENTITY = "Apple Development";
				CODE_SIGN_STYLE = Automatic;
				CURRENT_PROJECT_VERSION = 1;
				DEVELOPMENT_ASSET_PATHS = "\"Visual Calendar iOS/Preview Content\"";
				DEVELOPMENT_TEAM = YKCASK27M4;
				ENABLE_PREVIEWS = YES;
				GENERATE_INFOPLIST_FILE = YES;
				INFOPLIST_KEY_UIApplicationSceneManifest_Generation = YES;
				INFOPLIST_KEY_UIApplicationSupportsIndirectInputEvents = YES;
				INFOPLIST_KEY_UILaunchScreen_Generation = YES;
				INFOPLIST_KEY_UISupportedInterfaceOrientations_iPad = "UIInterfaceOrientationPortrait UIInterfaceOrientationPortraitUpsideDown UIInterfaceOrientationLandscapeLeft UIInterfaceOrientationLandscapeRight";
				INFOPLIST_KEY_UISupportedInterfaceOrientations_iPhone = "UIInterfaceOrientationPortrait UIInterfaceOrientationLandscapeLeft UIInterfaceOrientationLandscapeRight";
				IPHONEOS_DEPLOYMENT_TARGET = 16.6;
				LD_RUNPATH_SEARCH_PATHS = (
					"$(inherited)",
					"@executable_path/Frameworks",
				);
				MARKETING_VERSION = 1.0;
				PRODUCT_BUNDLE_IDENTIFIER = com.calmtable.app;
				PRODUCT_NAME = "$(TARGET_NAME)";
				PROVISIONING_PROFILE_SPECIFIER = "";
				SWIFT_EMIT_LOC_STRINGS = YES;
				SWIFT_VERSION = 5.0;
				TARGETED_DEVICE_FAMILY = "1,2";
			};
			name = Release;
		};
/* End XCBuildConfiguration section */

/* Begin XCConfigurationList section */
		ED41F0852C5BD15500954ACF /* Build configuration list for PBXProject "Visual Calendar iOS" */ = {
			isa = XCConfigurationList;
			buildConfigurations = (
				ED41F0962C5BD15600954ACF /* Debug */,
				ED41F0972C5BD15600954ACF /* Release */,
			);
			defaultConfigurationIsVisible = 0;
			defaultConfigurationName = Release;
		};
		ED41F0982C5BD15600954ACF /* Build configuration list for PBXNativeTarget "Visual Calendar iOS" */ = {
			isa = XCConfigurationList;
			buildConfigurations = (
				ED41F0992C5BD15600954ACF /* Debug */,
				ED41F09A2C5BD15600954ACF /* Release */,
			);
			defaultConfigurationIsVisible = 0;
			defaultConfigurationName = Release;
		};
/* End XCConfigurationList section */

/* Begin XCRemoteSwiftPackageReference section */
		ED095CA92C8765B800559F3A /* XCRemoteSwiftPackageReference "SwiftyJSON" */ = {
			isa = XCRemoteSwiftPackageReference;
			repositoryURL = "https://github.com/SwiftyJSON/SwiftyJSON";
			requirement = {
				kind = upToNextMajorVersion;
				minimumVersion = 5.0.2;
			};
		};
		ED1323C72DEC34C600671162 /* XCRemoteSwiftPackageReference "MCEmojiPicker" */ = {
			isa = XCRemoteSwiftPackageReference;
			repositoryURL = "https://github.com/izyumkin/MCEmojiPicker?tab=readme-ov-file#usage";
			requirement = {
				kind = upToNextMajorVersion;
				minimumVersion = 1.2.3;
			};
		};
		ED9E8A802C5E765F0098D8FD /* XCRemoteSwiftPackageReference "supabase-swift" */ = {
			isa = XCRemoteSwiftPackageReference;
			repositoryURL = "https://github.com/supabase/supabase-swift.git";
			requirement = {
				kind = upToNextMajorVersion;
				minimumVersion = 2.5.1;
			};
		};
		EDD987D52C9D454C0063CF00 /* XCRemoteSwiftPackageReference "SymbolPicker" */ = {
			isa = XCRemoteSwiftPackageReference;
			repositoryURL = "https://github.com/xnth97/SymbolPicker.git";
			requirement = {
				kind = upToNextMajorVersion;
				minimumVersion = 1.5.3;
			};
		};
/* End XCRemoteSwiftPackageReference section */

/* Begin XCSwiftPackageProductDependency section */
		ED095CAA2C8765B800559F3A /* SwiftyJSON */ = {
			isa = XCSwiftPackageProductDependency;
			package = ED095CA92C8765B800559F3A /* XCRemoteSwiftPackageReference "SwiftyJSON" */;
			productName = SwiftyJSON;
		};
		ED1323C82DEC34C600671162 /* MCEmojiPicker */ = {
			isa = XCSwiftPackageProductDependency;
			package = ED1323C72DEC34C600671162 /* XCRemoteSwiftPackageReference "MCEmojiPicker" */;
			productName = MCEmojiPicker;
		};
		ED9E8A812C5E765F0098D8FD /* Auth */ = {
			isa = XCSwiftPackageProductDependency;
			package = ED9E8A802C5E765F0098D8FD /* XCRemoteSwiftPackageReference "supabase-swift" */;
			productName = Auth;
		};
		ED9E8A832C5E765F0098D8FD /* Functions */ = {
			isa = XCSwiftPackageProductDependency;
			package = ED9E8A802C5E765F0098D8FD /* XCRemoteSwiftPackageReference "supabase-swift" */;
			productName = Functions;
		};
		ED9E8A852C5E765F0098D8FD /* PostgREST */ = {
			isa = XCSwiftPackageProductDependency;
			package = ED9E8A802C5E765F0098D8FD /* XCRemoteSwiftPackageReference "supabase-swift" */;
			productName = PostgREST;
		};
		ED9E8A872C5E765F0098D8FD /* Realtime */ = {
			isa = XCSwiftPackageProductDependency;
			package = ED9E8A802C5E765F0098D8FD /* XCRemoteSwiftPackageReference "supabase-swift" */;
			productName = Realtime;
		};
		ED9E8A892C5E765F0098D8FD /* Storage */ = {
			isa = XCSwiftPackageProductDependency;
			package = ED9E8A802C5E765F0098D8FD /* XCRemoteSwiftPackageReference "supabase-swift" */;
			productName = Storage;
		};
		ED9E8A8B2C5E765F0098D8FD /* Supabase */ = {
			isa = XCSwiftPackageProductDependency;
			package = ED9E8A802C5E765F0098D8FD /* XCRemoteSwiftPackageReference "supabase-swift" */;
			productName = Supabase;
		};
		EDD987D62C9D454C0063CF00 /* SymbolPicker */ = {
			isa = XCSwiftPackageProductDependency;
			package = EDD987D52C9D454C0063CF00 /* XCRemoteSwiftPackageReference "SymbolPicker" */;
			productName = SymbolPicker;
		};
/* End XCSwiftPackageProductDependency section */
	};
	rootObject = ED41F0822C5BD15500954ACF /* Project object */;
}
